
Microsoft Visual Studio Solution File, Format Version 12.00
# Visual Studio 15
VisualStudioVersion = 15.0.28307.572
MinimumVisualStudioVersion = 10.0.40219.1
Project("{FAE04EC0-301F-11D3-BF4B-00C04F79EFBC}") = "ConsoleApp1", "ConsoleApp1\ConsoleApp1.csproj", "{A91199F0-4486-4E71-8573-02373232DE49}"
EndProject
Global
	GlobalSection(SolutionConfigurationPlatforms) = preSolution
		Debug|Any CPU = Debug|Any CPU
		Release|Any CPU = Release|Any CPU
	EndGlobalSection
	GlobalSection(ProjectConfigurationPlatforms) = postSolution
		{A91199F0-4486-4E71-8573-02373232DE49}.Debug|Any CPU.ActiveCfg = Debug|Any CPU
		{A91199F0-4486-4E71-8573-02373232DE49}.Debug|Any CPU.Build.0 = Debug|Any CPU
		{A91199F0-4486-4E71-8573-02373232DE49}.Release|Any CPU.ActiveCfg = Release|Any CPU
		{A91199F0-4486-4E71-8573-02373232DE49}.Release|Any CPU.Build.0 = Release|Any CPU
	EndGlobalSection
	GlobalSection(SolutionProperties) = preSolution
		HideSolutionNode = FALSE
	EndGlobalSection
	GlobalSection(ExtensibilityGlobals) = postSolution
		SolutionGuid = {CAFF8A1E-4E85-4499-839C-44AEC92E7BC5}
	EndGlobalSection
EndGlobal
